
Microsoft Visual Studio Solution File, Format Version 12.00
# Visual Studio Version 17
VisualStudioVersion = 17.4.33213.308
MinimumVisualStudioVersion = 10.0.40219.1
Project("{FAE04EC0-301F-11D3-BF4B-00C04F79EFBC}") = "CheckoutKata", "CheckoutKata\CheckoutKata.csproj", "{C19F888A-0B9E-49D8-B2AC-C0C507C6034E}"
EndProject
Project("{FAE04EC0-301F-11D3-BF4B-00C04F79EFBC}") = "CheckoutKata.Library", "CheckoutKata.Library\CheckoutKata.Library.csproj", "{FACD4CB9-07BE-4EB9-A1FF-612DA2BD1482}"
EndProject
Project("{FAE04EC0-301F-11D3-BF4B-00C04F79EFBC}") = "CheckoutKata.Tests", "CheckoutKata.Tests\CheckoutKata.Tests.csproj", "{A096045E-A7D0-46EA-93C6-FB06ECF85463}"
EndProject
Global
	GlobalSection(SolutionConfigurationPlatforms) = preSolution
		Debug|Any CPU = Debug|Any CPU
		Release|Any CPU = Release|Any CPU
	EndGlobalSection
	GlobalSection(ProjectConfigurationPlatforms) = postSolution
		{C19F888A-0B9E-49D8-B2AC-C0C507C6034E}.Debug|Any CPU.ActiveCfg = Debug|Any CPU
		{C19F888A-0B9E-49D8-B2AC-C0C507C6034E}.Debug|Any CPU.Build.0 = Debug|Any CPU
		{C19F888A-0B9E-49D8-B2AC-C0C507C6034E}.Release|Any CPU.ActiveCfg = Release|Any CPU
		{C19F888A-0B9E-49D8-B2AC-C0C507C6034E}.Release|Any CPU.Build.0 = Release|Any CPU
		{FACD4CB9-07BE-4EB9-A1FF-612DA2BD1482}.Debug|Any CPU.ActiveCfg = Debug|Any CPU
		{FACD4CB9-07BE-4EB9-A1FF-612DA2BD1482}.Debug|Any CPU.Build.0 = Debug|Any CPU
		{FACD4CB9-07BE-4EB9-A1FF-612DA2BD1482}.Release|Any CPU.ActiveCfg = Release|Any CPU
		{FACD4CB9-07BE-4EB9-A1FF-612DA2BD1482}.Release|Any CPU.Build.0 = Release|Any CPU
		{A096045E-A7D0-46EA-93C6-FB06ECF85463}.Debug|Any CPU.ActiveCfg = Debug|Any CPU
		{A096045E-A7D0-46EA-93C6-FB06ECF85463}.Debug|Any CPU.Build.0 = Debug|Any CPU
		{A096045E-A7D0-46EA-93C6-FB06ECF85463}.Release|Any CPU.ActiveCfg = Release|Any CPU
		{A096045E-A7D0-46EA-93C6-FB06ECF85463}.Release|Any CPU.Build.0 = Release|Any CPU
	EndGlobalSection
	GlobalSection(SolutionProperties) = preSolution
		HideSolutionNode = FALSE
	EndGlobalSection
	GlobalSection(ExtensibilityGlobals) = postSolution
		SolutionGuid = {E95B6403-8B28-4EFA-BC73-575F456DB5AB}
	EndGlobalSection
EndGlobal
